// !$*UTF8*$!
{
	archiveVersion = 1;
	classes = {
	};
	objectVersion = 45;
	objects = {

/* Begin PBXBuildFile section */
		2F7446990DB6B7EA00F9684A /* MainMenu.xib in Resources */ = {isa = PBXBuildFile; fileRef = 2F7446970DB6B7EA00F9684A /* MainMenu.xib */; };
		470FB736129D1BCD00D7BB70 /* XSMainWindow-animation.m in Sources */ = {isa = PBXBuildFile; fileRef = 470FB735129D1BCD00D7BB70 /* XSMainWindow-animation.m */; };
		476D440012998D2C009F58CC /* Quartz.framework in Frameworks */ = {isa = PBXBuildFile; fileRef = 476D43FF12998D2C009F58CC /* Quartz.framework */; };
		4779070C1219D35800231138 /* XSContact.xib in Resources */ = {isa = PBXBuildFile; fileRef = 4779070B1219D35800231138 /* XSContact.xib */; };
		4779071B121AA25500231138 /* AddressBook.framework in Frameworks */ = {isa = PBXBuildFile; fileRef = 4779071A121AA25500231138 /* AddressBook.framework */; };
		47790752121AA60300231138 /* PersonSquare.tif in Resources */ = {isa = PBXBuildFile; fileRef = 47790751121AA60300231138 /* PersonSquare.tif */; };
		47790757121AAA9100231138 /* XSContactView.m in Sources */ = {isa = PBXBuildFile; fileRef = 47790756121AAA9100231138 /* XSContactView.m */; };
		477907B6121BF4F700231138 /* XSSkype.m in Sources */ = {isa = PBXBuildFile; fileRef = 477907B5121BF4F700231138 /* XSSkype.m */; };
		477907D4121C726000231138 /* XSSkypeContact.m in Sources */ = {isa = PBXBuildFile; fileRef = 477907D3121C726000231138 /* XSSkypeContact.m */; };
		477907D6121D389E00231138 /* SkypeToAddressBook.icns in Resources */ = {isa = PBXBuildFile; fileRef = 477907D5121D389E00231138 /* SkypeToAddressBook.icns */; };
		477907EB121D49F000231138 /* XSABContact.m in Sources */ = {isa = PBXBuildFile; fileRef = 477907EA121D49F000231138 /* XSABContact.m */; };
		479E44B9124BE6A90026A2EE /* Skype.framework in Copy Frameworks */ = {isa = PBXBuildFile; fileRef = 477907A6121BF47100231138 /* Skype.framework */; };
		479E44BA124BE6B00026A2EE /* Skype.framework in Frameworks */ = {isa = PBXBuildFile; fileRef = 477907A6121BF47100231138 /* Skype.framework */; settings = {ATTRIBUTES = (Required, ); }; };
		47B6667F12F8AF7800FFB2F7 /* Localizable.strings in Resources */ = {isa = PBXBuildFile; fileRef = 47B6668112F8AF7800FFB2F7 /* Localizable.strings */; };
		47B6669012F8B35C00FFB2F7 /* XSMainWindow.xib in Resources */ = {isa = PBXBuildFile; fileRef = 47B6669212F8B35C00FFB2F7 /* XSMainWindow.xib */; };
		47F07EF612197DA0000247AD /* XSContact.m in Sources */ = {isa = PBXBuildFile; fileRef = 47F07EF512197DA0000247AD /* XSContact.m */; };
		47F07F0812197FB0000247AD /* XSMainWindow.m in Sources */ = {isa = PBXBuildFile; fileRef = 47F07F0712197FB0000247AD /* XSMainWindow.m */; };
		47FE831D12FB4AF6008EC579 /* Credits.html in Resources */ = {isa = PBXBuildFile; fileRef = 47FE831C12FB4AF6008EC579 /* Credits.html */; };
		770B37ED0679A11B001EADE2 /* SkypeToAddressBook_DataModel.xcdatamodel in Sources */ = {isa = PBXBuildFile; fileRef = 770B37EC0679A11B001EADE2 /* SkypeToAddressBook_DataModel.xcdatamodel */; };
		77C8280E06725ACE000B614F /* AppDelegate.m in Sources */ = {isa = PBXBuildFile; fileRef = 77C8280C06725ACE000B614F /* AppDelegate.m */; };
		8D11072B0486CEB800E47090 /* InfoPlist.strings in Resources */ = {isa = PBXBuildFile; fileRef = 089C165CFE840E0CC02AAC07 /* InfoPlist.strings */; };
		8D11072D0486CEB800E47090 /* main.m in Sources */ = {isa = PBXBuildFile; fileRef = 29B97316FDCFA39411CA2CEA /* main.m */; settings = {ATTRIBUTES = (); }; };
		8D11072F0486CEB800E47090 /* Cocoa.framework in Frameworks */ = {isa = PBXBuildFile; fileRef = 1058C7A1FEA54F0111CA2CBB /* Cocoa.framework */; };
/* End PBXBuildFile section */

/* Begin PBXCopyFilesBuildPhase section */
		477907AC121BF4CA00231138 /* Copy Frameworks */ = {
			isa = PBXCopyFilesBuildPhase;
			buildActionMask = 12;
			dstPath = "";
			dstSubfolderSpec = 10;
			files = (
				479E44B9124BE6A90026A2EE /* Skype.framework in Copy Frameworks */,
			);
			name = "Copy Frameworks";
			runOnlyForDeploymentPostprocessing = 0;
		};
/* End PBXCopyFilesBuildPhase section */

/* Begin PBXFileReference section */
		089C165DFE840E0CC02AAC07 /* English */ = {isa = PBXFileReference; fileEncoding = 10; lastKnownFileType = text.plist.strings; name = English; path = English.lproj/InfoPlist.strings; sourceTree = "<group>"; };
		1058C7A1FEA54F0111CA2CBB /* Cocoa.framework */ = {isa = PBXFileReference; lastKnownFileType = wrapper.framework; name = Cocoa.framework; path = /System/Library/Frameworks/Cocoa.framework; sourceTree = "<absolute>"; };
		29B97316FDCFA39411CA2CEA /* main.m */ = {isa = PBXFileReference; fileEncoding = 4; lastKnownFileType = sourcecode.c.objc; path = main.m; sourceTree = "<group>"; };
		29B97324FDCFA39411CA2CEA /* AppKit.framework */ = {isa = PBXFileReference; lastKnownFileType = wrapper.framework; name = AppKit.framework; path = /System/Library/Frameworks/AppKit.framework; sourceTree = "<absolute>"; };
		29B97325FDCFA39411CA2CEA /* Foundation.framework */ = {isa = PBXFileReference; lastKnownFileType = wrapper.framework; name = Foundation.framework; path = /System/Library/Frameworks/Foundation.framework; sourceTree = "<absolute>"; };
		2F7446980DB6B7EA00F9684A /* English */ = {isa = PBXFileReference; lastKnownFileType = file.xib; name = English; path = English.lproj/MainMenu.xib; sourceTree = "<group>"; };
		32CA4F630368D1EE00C91783 /* SkypeToAddressBook_Prefix.pch */ = {isa = PBXFileReference; fileEncoding = 4; lastKnownFileType = sourcecode.c.h; path = SkypeToAddressBook_Prefix.pch; sourceTree = "<group>"; };
		470FB734129D1BCD00D7BB70 /* XSMainWindow-animation.h */ = {isa = PBXFileReference; fileEncoding = 4; lastKnownFileType = sourcecode.c.h; path = "XSMainWindow-animation.h"; sourceTree = "<group>"; };
		470FB735129D1BCD00D7BB70 /* XSMainWindow-animation.m */ = {isa = PBXFileReference; fileEncoding = 4; lastKnownFileType = sourcecode.c.objc; path = "XSMainWindow-animation.m"; sourceTree = "<group>"; };
		474629EC1315C0FA00D2D691 /* ca */ = {isa = PBXFileReference; lastKnownFileType = file.xib; name = ca; path = ca.lproj/MainMenu.xib; sourceTree = "<group>"; };
		474629ED1315C0FB00D2D691 /* es */ = {isa = PBXFileReference; lastKnownFileType = file.xib; name = es; path = es.lproj/MainMenu.xib; sourceTree = "<group>"; };
		474629EE1315C12F00D2D691 /* ca */ = {isa = PBXFileReference; lastKnownFileType = file.xib; name = ca; path = ca.lproj/XSMainWindow.xib; sourceTree = "<group>"; };
		474629EF1315C13000D2D691 /* es */ = {isa = PBXFileReference; lastKnownFileType = file.xib; name = es; path = es.lproj/XSMainWindow.xib; sourceTree = "<group>"; };
		474629F01315C14400D2D691 /* ca */ = {isa = PBXFileReference; lastKnownFileType = text.plist.strings; name = ca; path = ca.lproj/Localizable.strings; sourceTree = "<group>"; };
		474629F11315C14400D2D691 /* es */ = {isa = PBXFileReference; lastKnownFileType = text.plist.strings; name = es; path = es.lproj/Localizable.strings; sourceTree = "<group>"; };
		476D43FF12998D2C009F58CC /* Quartz.framework */ = {isa = PBXFileReference; lastKnownFileType = wrapper.framework; name = Quartz.framework; path = System/Library/Frameworks/Quartz.framework; sourceTree = SDKROOT; };
		4779070B1219D35800231138 /* XSContact.xib */ = {isa = PBXFileReference; lastKnownFileType = file.xib; path = XSContact.xib; sourceTree = "<group>"; };
		4779071A121AA25500231138 /* AddressBook.framework */ = {isa = PBXFileReference; lastKnownFileType = wrapper.framework; name = AddressBook.framework; path = System/Library/Frameworks/AddressBook.framework; sourceTree = SDKROOT; };
		47790751121AA60300231138 /* PersonSquare.tif */ = {isa = PBXFileReference; lastKnownFileType = image.tiff; path = PersonSquare.tif; sourceTree = "<group>"; };
		47790755121AAA9100231138 /* XSContactView.h */ = {isa = PBXFileReference; fileEncoding = 4; lastKnownFileType = sourcecode.c.h; path = XSContactView.h; sourceTree = "<group>"; };
		47790756121AAA9100231138 /* XSContactView.m */ = {isa = PBXFileReference; fileEncoding = 4; lastKnownFileType = sourcecode.c.objc; path = XSContactView.m; sourceTree = "<group>"; };
		477907A6121BF47100231138 /* Skype.framework */ = {isa = PBXFileReference; lastKnownFileType = wrapper.framework; name = Skype.framework; path = "/Users/xavi/Documents/Cocoa/Skype API for Mac/Skype.framework"; sourceTree = "<absolute>"; };
		477907B4121BF4F700231138 /* XSSkype.h */ = {isa = PBXFileReference; fileEncoding = 4; lastKnownFileType = sourcecode.c.h; path = XSSkype.h; sourceTree = "<group>"; };
		477907B5121BF4F700231138 /* XSSkype.m */ = {isa = PBXFileReference; fileEncoding = 4; lastKnownFileType = sourcecode.c.objc; path = XSSkype.m; sourceTree = "<group>"; };
		477907D2121C726000231138 /* XSSkypeContact.h */ = {isa = PBXFileReference; fileEncoding = 4; lastKnownFileType = sourcecode.c.h; path = XSSkypeContact.h; sourceTree = "<group>"; };
		477907D3121C726000231138 /* XSSkypeContact.m */ = {isa = PBXFileReference; fileEncoding = 4; lastKnownFileType = sourcecode.c.objc; path = XSSkypeContact.m; sourceTree = "<group>"; };
		477907D5121D389E00231138 /* SkypeToAddressBook.icns */ = {isa = PBXFileReference; lastKnownFileType = image.icns; path = SkypeToAddressBook.icns; sourceTree = "<group>"; };
		477907E9121D49F000231138 /* XSABContact.h */ = {isa = PBXFileReference; fileEncoding = 4; lastKnownFileType = sourcecode.c.h; path = XSABContact.h; sourceTree = "<group>"; };
		477907EA121D49F000231138 /* XSABContact.m */ = {isa = PBXFileReference; fileEncoding = 4; lastKnownFileType = sourcecode.c.objc; path = XSABContact.m; sourceTree = "<group>"; };
		477F2BF91300886000D4A1A8 /* README */ = {isa = PBXFileReference; lastKnownFileType = text; path = README; sourceTree = "<group>"; };
		47B6668012F8AF7800FFB2F7 /* English */ = {isa = PBXFileReference; lastKnownFileType = text.plist.strings; name = English; path = English.lproj/Localizable.strings; sourceTree = "<group>"; };
		47B6669112F8B35C00FFB2F7 /* English */ = {isa = PBXFileReference; lastKnownFileType = file.xib; name = English; path = English.lproj/XSMainWindow.xib; sourceTree = "<group>"; };
		47F07EF412197DA0000247AD /* XSContact.h */ = {isa = PBXFileReference; fileEncoding = 4; lastKnownFileType = sourcecode.c.h; path = XSContact.h; sourceTree = "<group>"; };
		47F07EF512197DA0000247AD /* XSContact.m */ = {isa = PBXFileReference; fileEncoding = 4; lastKnownFileType = sourcecode.c.objc; path = XSContact.m; sourceTree = "<group>"; };
		47F07F0612197FB0000247AD /* XSMainWindow.h */ = {isa = PBXFileReference; fileEncoding = 4; lastKnownFileType = sourcecode.c.h; path = XSMainWindow.h; sourceTree = "<group>"; };
		47F07F0712197FB0000247AD /* XSMainWindow.m */ = {isa = PBXFileReference; fileEncoding = 4; lastKnownFileType = sourcecode.c.objc; path = XSMainWindow.m; sourceTree = "<group>"; };
		47FE831C12FB4AF6008EC579 /* Credits.html */ = {isa = PBXFileReference; fileEncoding = 4; lastKnownFileType = text.html; path = Credits.html; sourceTree = "<group>"; };
		770B37EC0679A11B001EADE2 /* SkypeToAddressBook_DataModel.xcdatamodel */ = {isa = PBXFileReference; fileEncoding = 4; lastKnownFileType = wrapper.xcdatamodel; path = SkypeToAddressBook_DataModel.xcdatamodel; sourceTree = "<group>"; };
		77C82804067257F0000B614F /* CoreData.framework */ = {isa = PBXFileReference; lastKnownFileType = wrapper.framework; name = CoreData.framework; path = /System/Library/Frameworks/CoreData.framework; sourceTree = "<absolute>"; };
		77C8280B06725ACE000B614F /* AppDelegate.h */ = {isa = PBXFileReference; fileEncoding = 4; lastKnownFileType = sourcecode.c.h; path = AppDelegate.h; sourceTree = "<group>"; };
		77C8280C06725ACE000B614F /* AppDelegate.m */ = {isa = PBXFileReference; fileEncoding = 4; lastKnownFileType = sourcecode.c.objc; path = AppDelegate.m; sourceTree = "<group>"; };
		8D1107310486CEB800E47090 /* SkypeToAddressBook-Info.plist */ = {isa = PBXFileReference; explicitFileType = text.plist.xml; fileEncoding = 4; path = "SkypeToAddressBook-Info.plist"; sourceTree = "<group>"; };
		8D1107320486CEB800E47090 /* SkypeToAddressBook.app */ = {isa = PBXFileReference; explicitFileType = wrapper.application; includeInIndex = 0; path = SkypeToAddressBook.app; sourceTree = BUILT_PRODUCTS_DIR; };
/* End PBXFileReference section */

/* Begin PBXFrameworksBuildPhase section */
		8D11072E0486CEB800E47090 /* Frameworks */ = {
			isa = PBXFrameworksBuildPhase;
			buildActionMask = 2147483647;
			files = (
				476D440012998D2C009F58CC /* Quartz.framework in Frameworks */,
				8D11072F0486CEB800E47090 /* Cocoa.framework in Frameworks */,
				4779071B121AA25500231138 /* AddressBook.framework in Frameworks */,
				479E44BA124BE6B00026A2EE /* Skype.framework in Frameworks */,
			);
			runOnlyForDeploymentPostprocessing = 0;
		};
/* End PBXFrameworksBuildPhase section */

/* Begin PBXGroup section */
		080E96DDFE201D6D7F000001 /* Classes */ = {
			isa = PBXGroup;
			children = (
				477907E8121D49DD00231138 /* AddressBook */,
				477907AD121BF4EC00231138 /* Skype */,
				471258861340A582008CE4C7 /* Core Data */,
				77C8280B06725ACE000B614F /* AppDelegate.h */,
				77C8280C06725ACE000B614F /* AppDelegate.m */,
				47F07F0612197FB0000247AD /* XSMainWindow.h */,
				47F07F0712197FB0000247AD /* XSMainWindow.m */,
				470FB734129D1BCD00D7BB70 /* XSMainWindow-animation.h */,
				470FB735129D1BCD00D7BB70 /* XSMainWindow-animation.m */,
				47790755121AAA9100231138 /* XSContactView.h */,
				47790756121AAA9100231138 /* XSContactView.m */,
			);
			name = Classes;
			sourceTree = "<group>";
		};
		1058C7A0FEA54F0111CA2CBB /* Linked Frameworks */ = {
			isa = PBXGroup;
			children = (
				477907A6121BF47100231138 /* Skype.framework */,
				1058C7A1FEA54F0111CA2CBB /* Cocoa.framework */,
			);
			name = "Linked Frameworks";
			sourceTree = "<group>";
		};
		1058C7A2FEA54F0111CA2CBB /* Other Frameworks */ = {
			isa = PBXGroup;
			children = (
				476D43FF12998D2C009F58CC /* Quartz.framework */,
				4779071A121AA25500231138 /* AddressBook.framework */,
				77C82804067257F0000B614F /* CoreData.framework */,
				29B97325FDCFA39411CA2CEA /* Foundation.framework */,
				29B97324FDCFA39411CA2CEA /* AppKit.framework */,
			);
			name = "Other Frameworks";
			sourceTree = "<group>";
		};
		19C28FACFE9D520D11CA2CBB /* Products */ = {
			isa = PBXGroup;
			children = (
				8D1107320486CEB800E47090 /* SkypeToAddressBook.app */,
			);
			name = Products;
			sourceTree = "<group>";
		};
		29B97314FDCFA39411CA2CEA /* SkypeToAddressBook */ = {
			isa = PBXGroup;
			children = (
				7756732906782D8800D1FEB8 /* Models */,
				080E96DDFE201D6D7F000001 /* Classes */,
				29B97315FDCFA39411CA2CEA /* Other Sources */,
				29B97317FDCFA39411CA2CEA /* Resources */,
				29B97323FDCFA39411CA2CEA /* Frameworks */,
				19C28FACFE9D520D11CA2CBB /* Products */,
			);
			name = SkypeToAddressBook;
			sourceTree = "<group>";
		};
		29B97315FDCFA39411CA2CEA /* Other Sources */ = {
			isa = PBXGroup;
			children = (
				32CA4F630368D1EE00C91783 /* SkypeToAddressBook_Prefix.pch */,
				29B97316FDCFA39411CA2CEA /* main.m */,
			);
			name = "Other Sources";
			sourceTree = "<group>";
		};
		29B97317FDCFA39411CA2CEA /* Resources */ = {
			isa = PBXGroup;
			children = (
				477F2BF91300886000D4A1A8 /* README */,
				47FE831C12FB4AF6008EC579 /* Credits.html */,
				477907D5121D389E00231138 /* SkypeToAddressBook.icns */,
				47790751121AA60300231138 /* PersonSquare.tif */,
				8D1107310486CEB800E47090 /* SkypeToAddressBook-Info.plist */,
				089C165CFE840E0CC02AAC07 /* InfoPlist.strings */,
				2F7446970DB6B7EA00F9684A /* MainMenu.xib */,
				47B6669212F8B35C00FFB2F7 /* XSMainWindow.xib */,
				4779070B1219D35800231138 /* XSContact.xib */,
				47B6668112F8AF7800FFB2F7 /* Localizable.strings */,
			);
			name = Resources;
			sourceTree = "<group>";
		};
		29B97323FDCFA39411CA2CEA /* Frameworks */ = {
			isa = PBXGroup;
			children = (
				1058C7A0FEA54F0111CA2CBB /* Linked Frameworks */,
				1058C7A2FEA54F0111CA2CBB /* Other Frameworks */,
			);
			name = Frameworks;
			sourceTree = "<group>";
		};
		471258861340A582008CE4C7 /* Core Data */ = {
			isa = PBXGroup;
			children = (
				47F07EF412197DA0000247AD /* XSContact.h */,
				47F07EF512197DA0000247AD /* XSContact.m */,
			);
			name = "Core Data";
			sourceTree = "<group>";
		};
		477907AD121BF4EC00231138 /* Skype */ = {
			isa = PBXGroup;
			children = (
				477907B4121BF4F700231138 /* XSSkype.h */,
				477907B5121BF4F700231138 /* XSSkype.m */,
				477907D2121C726000231138 /* XSSkypeContact.h */,
				477907D3121C726000231138 /* XSSkypeContact.m */,
			);
			name = Skype;
			sourceTree = "<group>";
		};
		477907E8121D49DD00231138 /* AddressBook */ = {
			isa = PBXGroup;
			children = (
				477907E9121D49F000231138 /* XSABContact.h */,
				477907EA121D49F000231138 /* XSABContact.m */,
			);
			name = AddressBook;
			sourceTree = "<group>";
		};
		7756732906782D8800D1FEB8 /* Models */ = {
			isa = PBXGroup;
			children = (
				770B37EC0679A11B001EADE2 /* SkypeToAddressBook_DataModel.xcdatamodel */,
			);
			name = Models;
			sourceTree = "<group>";
		};
/* End PBXGroup section */

/* Begin PBXNativeTarget section */
		8D1107260486CEB800E47090 /* SkypeToAddressBook */ = {
			isa = PBXNativeTarget;
			buildConfigurationList = 26FC0A840875C7B200E6366F /* Build configuration list for PBXNativeTarget "SkypeToAddressBook" */;
			buildPhases = (
				8D1107290486CEB800E47090 /* Resources */,
				8D11072C0486CEB800E47090 /* Sources */,
				8D11072E0486CEB800E47090 /* Frameworks */,
				477907AC121BF4CA00231138 /* Copy Frameworks */,
			);
			buildRules = (
			);
			dependencies = (
			);
			name = SkypeToAddressBook;
			productInstallPath = "$(HOME)/Applications";
			productName = SkypeToAddressBook;
			productReference = 8D1107320486CEB800E47090 /* SkypeToAddressBook.app */;
			productType = "com.apple.product-type.application";
		};
/* End PBXNativeTarget section */

/* Begin PBXProject section */
		29B97313FDCFA39411CA2CEA /* Project object */ = {
			isa = PBXProject;
			attributes = {
				ORGANIZATIONNAME = "Xavi Aracil Diaz";
			};
			buildConfigurationList = 26FC0A880875C7B200E6366F /* Build configuration list for PBXProject "SkypeToAddressBook" */;
			compatibilityVersion = "Xcode 3.1";
			developmentRegion = English;
			hasScannedForEncodings = 1;
			knownRegions = (
				English,
				Japanese,
				French,
				German,
				ca,
				es,
				en,
			);
			mainGroup = 29B97314FDCFA39411CA2CEA /* SkypeToAddressBook */;
			projectDirPath = "";
			projectRoot = "";
			targets = (
				8D1107260486CEB800E47090 /* SkypeToAddressBook */,
			);
		};
/* End PBXProject section */

/* Begin PBXResourcesBuildPhase section */
		8D1107290486CEB800E47090 /* Resources */ = {
			isa = PBXResourcesBuildPhase;
			buildActionMask = 2147483647;
			files = (
				8D11072B0486CEB800E47090 /* InfoPlist.strings in Resources */,
				2F7446990DB6B7EA00F9684A /* MainMenu.xib in Resources */,
				47B6669012F8B35C00FFB2F7 /* XSMainWindow.xib in Resources */,
				4779070C1219D35800231138 /* XSContact.xib in Resources */,
				47790752121AA60300231138 /* PersonSquare.tif in Resources */,
				477907D6121D389E00231138 /* SkypeToAddressBook.icns in Resources */,
				47B6667F12F8AF7800FFB2F7 /* Localizable.strings in Resources */,
				47FE831D12FB4AF6008EC579 /* Credits.html in Resources */,
			);
			runOnlyForDeploymentPostprocessing = 0;
		};
/* End PBXResourcesBuildPhase section */

/* Begin PBXSourcesBuildPhase section */
		8D11072C0486CEB800E47090 /* Sources */ = {
			isa = PBXSourcesBuildPhase;
			buildActionMask = 2147483647;
			files = (
				8D11072D0486CEB800E47090 /* main.m in Sources */,
				77C8280E06725ACE000B614F /* AppDelegate.m in Sources */,
				770B37ED0679A11B001EADE2 /* SkypeToAddressBook_DataModel.xcdatamodel in Sources */,
				47F07EF612197DA0000247AD /* XSContact.m in Sources */,
				47F07F0812197FB0000247AD /* XSMainWindow.m in Sources */,
				47790757121AAA9100231138 /* XSContactView.m in Sources */,
				477907B6121BF4F700231138 /* XSSkype.m in Sources */,
				477907D4121C726000231138 /* XSSkypeContact.m in Sources */,
				477907EB121D49F000231138 /* XSABContact.m in Sources */,
				470FB736129D1BCD00D7BB70 /* XSMainWindow-animation.m in Sources */,
			);
			runOnlyForDeploymentPostprocessing = 0;
		};
/* End PBXSourcesBuildPhase section */

/* Begin PBXVariantGroup section */
		089C165CFE840E0CC02AAC07 /* InfoPlist.strings */ = {
			isa = PBXVariantGroup;
			children = (
				089C165DFE840E0CC02AAC07 /* English */,
			);
			name = InfoPlist.strings;
			sourceTree = "<group>";
		};
		2F7446970DB6B7EA00F9684A /* MainMenu.xib */ = {
			isa = PBXVariantGroup;
			children = (
				2F7446980DB6B7EA00F9684A /* English */,
				474629EC1315C0FA00D2D691 /* ca */,
				474629ED1315C0FB00D2D691 /* es */,
			);
			name = MainMenu.xib;
			sourceTree = "<group>";
		};
		47B6668112F8AF7800FFB2F7 /* Localizable.strings */ = {
			isa = PBXVariantGroup;
			children = (
				47B6668012F8AF7800FFB2F7 /* English */,
				474629F01315C14400D2D691 /* ca */,
				474629F11315C14400D2D691 /* es */,
			);
			name = Localizable.strings;
			sourceTree = "<group>";
		};
		47B6669212F8B35C00FFB2F7 /* XSMainWindow.xib */ = {
			isa = PBXVariantGroup;
			children = (
				47B6669112F8B35C00FFB2F7 /* English */,
				474629EE1315C12F00D2D691 /* ca */,
				474629EF1315C13000D2D691 /* es */,
			);
			name = XSMainWindow.xib;
			sourceTree = "<group>";
		};
/* End PBXVariantGroup section */

/* Begin XCBuildConfiguration section */
		26FC0A850875C7B200E6366F /* Debug */ = {
			isa = XCBuildConfiguration;
			buildSettings = {
				ARCHS = "$(ARCHS_STANDARD_32_BIT)";
				CODE_SIGN_ENTITLEMENTS = "~/xaracSoft/Applications/SkypeToAddressBook/Entitlements.plist";
				COPY_PHASE_STRIP = NO;
				FRAMEWORK_SEARCH_PATHS = (
					"$(inherited)",
					"\"$(SRCROOT)\"",
					"\"$(SRCROOT)/../../../Documents/Cocoa/Skype API for Mac\"",
				);
				GCC_DYNAMIC_NO_PIC = NO;
				GCC_ENABLE_FIX_AND_CONTINUE = YES;
				GCC_ENABLE_OBJC_EXCEPTIONS = YES;
				GCC_MODEL_TUNING = G5;
				GCC_OPTIMIZATION_LEVEL = 0;
				GCC_PRECOMPILE_PREFIX_HEADER = YES;
				GCC_PREFIX_HEADER = SkypeToAddressBook_Prefix.pch;
				INFOPLIST_FILE = "SkypeToAddressBook-Info.plist";
				INSTALL_PATH = "$(HOME)/Applications";
				PRODUCT_NAME = SkypeToAddressBook;
				WRAPPER_EXTENSION = app;
			};
			name = Debug;
		};
		26FC0A860875C7B200E6366F /* Release */ = {
			isa = XCBuildConfiguration;
			buildSettings = {
				ARCHS = "$(ARCHS_STANDARD_32_BIT)";
				CODE_SIGN_IDENTITY = "3rd Party Mac Developer Application: Xavi Aracil";
				DEBUG_INFORMATION_FORMAT = "dwarf-with-dsym";
				FRAMEWORK_SEARCH_PATHS = (
					"$(inherited)",
					"\"$(SRCROOT)\"",
					"\"$(SRCROOT)/../../../Documents/Cocoa/Skype API for Mac\"",
				);
				GCC_ENABLE_OBJC_EXCEPTIONS = YES;
				GCC_MODEL_TUNING = G5;
				GCC_PRECOMPILE_PREFIX_HEADER = YES;
				GCC_PREFIX_HEADER = SkypeToAddressBook_Prefix.pch;
				INFOPLIST_FILE = "SkypeToAddressBook-Info.plist";
				INSTALL_PATH = "$(HOME)/Applications";
				PRODUCT_NAME = SkypeToAddressBook;
				WRAPPER_EXTENSION = app;
			};
			name = Release;
		};
		26FC0A890875C7B200E6366F /* Debug */ = {
			isa = XCBuildConfiguration;
			buildSettings = {
				ARCHS = "$(ARCHS_STANDARD_32_64_BIT)";
				GCC_C_LANGUAGE_STANDARD = gnu99;
				GCC_WARN_ABOUT_RETURN_TYPE = YES;
				GCC_WARN_UNUSED_VARIABLE = YES;
				ONLY_ACTIVE_ARCH = YES;
				PREBINDING = NO;
				SDKROOT = macosx10.6;
			};
			name = Debug;
		};
		26FC0A8A0875C7B200E6366F /* Release */ = {
			isa = XCBuildConfiguration;
			buildSettings = {
				ARCHS = "$(ARCHS_STANDARD_32_64_BIT)";
				CODE_SIGN_IDENTITY = "Don't Code Sign";
				GCC_C_LANGUAGE_STANDARD = gnu99;
				GCC_WARN_ABOUT_RETURN_TYPE = YES;
				GCC_WARN_UNUSED_VARIABLE = YES;
				PREBINDING = NO;
				SDKROOT = macosx10.6;
				VALID_ARCHS = "i386 x86_64";
			};
			name = Release;
		};
/* End XCBuildConfiguration section */

/* Begin XCConfigurationList section */
		26FC0A840875C7B200E6366F /* Build configuration list for PBXNativeTarget "SkypeToAddressBook" */ = {
			isa = XCConfigurationList;
			buildConfigurations = (
				26FC0A850875C7B200E6366F /* Debug */,
				26FC0A860875C7B200E6366F /* Release */,
			);
			defaultConfigurationIsVisible = 0;
			defaultConfigurationName = Release;
		};
		26FC0A880875C7B200E6366F /* Build configuration list for PBXProject "SkypeToAddressBook" */ = {
			isa = XCConfigurationList;
			buildConfigurations = (
				26FC0A890875C7B200E6366F /* Debug */,
				26FC0A8A0875C7B200E6366F /* Release */,
			);
			defaultConfigurationIsVisible = 0;
			defaultConfigurationName = Release;
		};
/* End XCConfigurationList section */
	};
	rootObject = 29B97313FDCFA39411CA2CEA /* Project object */;
}
